
Microsoft Visual Studio Solution File, Format Version 12.00
# Visual Studio Version 17
VisualStudioVersion = 17.3.32901.215
MinimumVisualStudioVersion = 10.0.40219.1
Project("{FAE04EC0-301F-11D3-BF4B-00C04F79EFBC}") = "MatrizPromedioColumna", "MatrizPromedioColumna\MatrizPromedioColumna.csproj", "{D3FD8FA8-625E-4E69-95D6-77979A4BA0BE}"
EndProject
Global
	GlobalSection(SolutionConfigurationPlatforms) = preSolution
		Debug|Any CPU = Debug|Any CPU
		Release|Any CPU = Release|Any CPU
	EndGlobalSection
	GlobalSection(ProjectConfigurationPlatforms) = postSolution
		{D3FD8FA8-625E-4E69-95D6-77979A4BA0BE}.Debug|Any CPU.ActiveCfg = Debug|Any CPU
		{D3FD8FA8-625E-4E69-95D6-77979A4BA0BE}.Debug|Any CPU.Build.0 = Debug|Any CPU
		{D3FD8FA8-625E-4E69-95D6-77979A4BA0BE}.Release|Any CPU.ActiveCfg = Release|Any CPU
		{D3FD8FA8-625E-4E69-95D6-77979A4BA0BE}.Release|Any CPU.Build.0 = Release|Any CPU
	EndGlobalSection
	GlobalSection(SolutionProperties) = preSolution
		HideSolutionNode = FALSE
	EndGlobalSection
	GlobalSection(ExtensibilityGlobals) = postSolution
		SolutionGuid = {59EBD87F-1F30-4F7C-A532-E050C4427836}
	EndGlobalSection
EndGlobal
