
Microsoft Visual Studio Solution File, Format Version 12.00
# Visual Studio Version 17
VisualStudioVersion = 17.3.32901.215
MinimumVisualStudioVersion = 10.0.40219.1
Project("{FAE04EC0-301F-11D3-BF4B-00C04F79EFBC}") = "arreglo invertido", "arreglo invertido\arreglo invertido.csproj", "{F625B1B6-AC69-4CE1-A7AC-2AC0D40E291C}"
EndProject
Global
	GlobalSection(SolutionConfigurationPlatforms) = preSolution
		Debug|Any CPU = Debug|Any CPU
		Release|Any CPU = Release|Any CPU
	EndGlobalSection
	GlobalSection(ProjectConfigurationPlatforms) = postSolution
		{F625B1B6-AC69-4CE1-A7AC-2AC0D40E291C}.Debug|Any CPU.ActiveCfg = Debug|Any CPU
		{F625B1B6-AC69-4CE1-A7AC-2AC0D40E291C}.Debug|Any CPU.Build.0 = Debug|Any CPU
		{F625B1B6-AC69-4CE1-A7AC-2AC0D40E291C}.Release|Any CPU.ActiveCfg = Release|Any CPU
		{F625B1B6-AC69-4CE1-A7AC-2AC0D40E291C}.Release|Any CPU.Build.0 = Release|Any CPU
	EndGlobalSection
	GlobalSection(SolutionProperties) = preSolution
		HideSolutionNode = FALSE
	EndGlobalSection
	GlobalSection(ExtensibilityGlobals) = postSolution
		SolutionGuid = {7BB01180-3476-4362-8813-77A4C45BC711}
	EndGlobalSection
EndGlobal
