
Microsoft Visual Studio Solution File, Format Version 12.00
# Visual Studio Version 17
VisualStudioVersion = 17.3.32901.215
MinimumVisualStudioVersion = 10.0.40219.1
Project("{FAE04EC0-301F-11D3-BF4B-00C04F79EFBC}") = "1_Areglos", "1_Areglos\1_Areglos.csproj", "{F9906E09-F805-4080-9E5C-066CFD56152B}"
EndProject
Global
	GlobalSection(SolutionConfigurationPlatforms) = preSolution
		Debug|Any CPU = Debug|Any CPU
		Release|Any CPU = Release|Any CPU
	EndGlobalSection
	GlobalSection(ProjectConfigurationPlatforms) = postSolution
		{F9906E09-F805-4080-9E5C-066CFD56152B}.Debug|Any CPU.ActiveCfg = Debug|Any CPU
		{F9906E09-F805-4080-9E5C-066CFD56152B}.Debug|Any CPU.Build.0 = Debug|Any CPU
		{F9906E09-F805-4080-9E5C-066CFD56152B}.Release|Any CPU.ActiveCfg = Release|Any CPU
		{F9906E09-F805-4080-9E5C-066CFD56152B}.Release|Any CPU.Build.0 = Release|Any CPU
	EndGlobalSection
	GlobalSection(SolutionProperties) = preSolution
		HideSolutionNode = FALSE
	EndGlobalSection
	GlobalSection(ExtensibilityGlobals) = postSolution
		SolutionGuid = {2032F561-9515-4827-B2C9-57D07B23A930}
	EndGlobalSection
EndGlobal
